
Microsoft Visual Studio Solution File, Format Version 12.00
# Visual Studio 15
VisualStudioVersion = 15.0.27703.2042
MinimumVisualStudioVersion = 10.0.40219.1
Project("{FAE04EC0-301F-11D3-BF4B-00C04F79EFBC}") = "Szkolenie", "Szkolenie\Szkolenie.csproj", "{764D91E9-989B-47AD-A5CA-0F2F48E77D2D}"
EndProject
Global
	GlobalSection(SolutionConfigurationPlatforms) = preSolution
		Debug|Any CPU = Debug|Any CPU
		Release|Any CPU = Release|Any CPU
	EndGlobalSection
	GlobalSection(ProjectConfigurationPlatforms) = postSolution
		{764D91E9-989B-47AD-A5CA-0F2F48E77D2D}.Debug|Any CPU.ActiveCfg = Debug|Any CPU
		{764D91E9-989B-47AD-A5CA-0F2F48E77D2D}.Debug|Any CPU.Build.0 = Debug|Any CPU
		{764D91E9-989B-47AD-A5CA-0F2F48E77D2D}.Release|Any CPU.ActiveCfg = Release|Any CPU
		{764D91E9-989B-47AD-A5CA-0F2F48E77D2D}.Release|Any CPU.Build.0 = Release|Any CPU
	EndGlobalSection
	GlobalSection(SolutionProperties) = preSolution
		HideSolutionNode = FALSE
	EndGlobalSection
	GlobalSection(ExtensibilityGlobals) = postSolution
		SolutionGuid = {075C9C5A-5479-4F0D-A026-FEC207544E4D}
	EndGlobalSection
EndGlobal
